{
  "name": "daspec-js-npm-example",
  "version": "1.0.0",
  "lockfileVersion": 1,
  "requires": true,
  "dependencies": {
    "ansi-bgblack": {
      "version": "0.1.1",
      "resolved": "https://registry.npmjs.org/ansi-bgblack/-/ansi-bgblack-0.1.1.tgz",
      "integrity": "sha1-poulAHiHcBtqr74/oNrf36juPKI=",
      "requires": {
        "ansi-wrap": "0.1.0"
      }
    },
    "ansi-bgblue": {
      "version": "0.1.1",
      "resolved": "https://registry.npmjs.org/ansi-bgblue/-/ansi-bgblue-0.1.1.tgz",
      "integrity": "sha1-Z73ATtybm1J4lp2hlt6j11yMNhM=",
      "requires": {
        "ansi-wrap": "0.1.0"
      }
    },
    "ansi-bgcyan": {
      "version": "0.1.1",
      "resolved": "https://registry.npmjs.org/ansi-bgcyan/-/ansi-bgcyan-0.1.1.tgz",
      "integrity": "sha1-WEiUJWAL3p9VBwaN2Wnr/bUP52g=",
      "requires": {
        "ansi-wrap": "0.1.0"
      }
    },
    "ansi-bggreen": {
      "version": "0.1.1",
      "resolved": "https://registry.npmjs.org/ansi-bggreen/-/ansi-bggreen-0.1.1.tgz",
      "integrity": "sha1-TjGRJIUplD9DIelr8THRwTgWr0k=",
      "requires": {
        "ansi-wrap": "0.1.0"
      }
    },
    "ansi-bgmagenta": {
      "version": "0.1.1",
      "resolved": "https://registry.npmjs.org/ansi-bgmagenta/-/ansi-bgmagenta-0.1.1.tgz",
      "integrity": "sha1-myhDLAduqpmUGGcqPvvhk5HCx6E=",
      "requires": {
        "ansi-wrap": "0.1.0"
      }
    },
    "ansi-bgred": {
      "version": "0.1.1",
      "resolved": "https://registry.npmjs.org/ansi-bgred/-/ansi-bgred-0.1.1.tgz",
      "integrity": "sha1-p2+Sg4OCukMpCmwXeEJPmE1vEEE=",
      "requires": {
        "ansi-wrap": "0.1.0"
      }
    },
    "ansi-bgwhite": {
      "version": "0.1.1",
      "resolved": "https://registry.npmjs.org/ansi-bgwhite/-/ansi-bgwhite-0.1.1.tgz",
      "integrity": "sha1-ZQRlE3elim7OzQMxmU5IAljhG6g=",
      "requires": {
        "ansi-wrap": "0.1.0"
      }
    },
    "ansi-bgyellow": {
      "version": "0.1.1",
      "resolved": "https://registry.npmjs.org/ansi-bgyellow/-/ansi-bgyellow-0.1.1.tgz",
      "integrity": "sha1-w/4usIzUdmSAKeaHTRWgs49h1E8=",
      "requires": {
        "ansi-wrap": "0.1.0"
      }
    },
    "ansi-black": {
      "version": "0.1.1",
      "resolved": "https://registry.npmjs.org/ansi-black/-/ansi-black-0.1.1.tgz",
      "integrity": "sha1-9hheiJNgslRaHsUMC/Bj/EMDJFM=",
      "requires": {
        "ansi-wrap": "0.1.0"
      }
    },
    "ansi-blue": {
      "version": "0.1.1",
      "resolved": "https://registry.npmjs.org/ansi-blue/-/ansi-blue-0.1.1.tgz",
      "integrity": "sha1-FbgEmQ6S/JyoxUds6PaZd3wh7b8=",
      "requires": {
        "ansi-wrap": "0.1.0"
      }
    },
    "ansi-bold": {
      "version": "0.1.1",
      "resolved": "https://registry.npmjs.org/ansi-bold/-/ansi-bold-0.1.1.tgz",
      "integrity": "sha1-PmOVCvWswq4uZw5vZ96xFdGl9QU=",
      "requires": {
        "ansi-wrap": "0.1.0"
      }
    },
    "ansi-colors": {
      "version": "0.1.0",
      "resolved": "https://registry.npmjs.org/ansi-colors/-/ansi-colors-0.1.0.tgz",
      "integrity": "sha1-M0rDbNPq1wjeXGnhmpjRhkImtD8=",
      "requires": {
        "ansi-bgblack": "^0.1.1",
        "ansi-bgblue": "^0.1.1",
        "ansi-bgcyan": "^0.1.1",
        "ansi-bggreen": "^0.1.1",
        "ansi-bgmagenta": "^0.1.1",
        "ansi-bgred": "^0.1.1",
        "ansi-bgwhite": "^0.1.1",
        "ansi-bgyellow": "^0.1.1",
        "ansi-black": "^0.1.1",
        "ansi-blue": "^0.1.1",
        "ansi-bold": "^0.1.1",
        "ansi-cyan": "^0.1.1",
        "ansi-dim": "^0.1.1",
        "ansi-gray": "^0.1.1",
        "ansi-green": "^0.1.1",
        "ansi-grey": "^0.1.1",
        "ansi-hidden": "^0.1.1",
        "ansi-inverse": "^0.1.1",
        "ansi-italic": "^0.1.1",
        "ansi-magenta": "^0.1.1",
        "ansi-red": "^0.1.1",
        "ansi-reset": "^0.1.1",
        "ansi-strikethrough": "^0.1.1",
        "ansi-underline": "^0.1.1",
        "ansi-white": "^0.1.1",
        "ansi-yellow": "^0.1.1",
        "lazy-cache": "^0.2.4"
      }
    },
    "ansi-cyan": {
      "version": "0.1.1",
      "resolved": "https://registry.npmjs.org/ansi-cyan/-/ansi-cyan-0.1.1.tgz",
      "integrity": "sha1-U4rlKK+JgvKK4w2G8vF0VtJgmHM=",
      "requires": {
        "ansi-wrap": "0.1.0"
      }
    },
    "ansi-dim": {
      "version": "0.1.1",
      "resolved": "https://registry.npmjs.org/ansi-dim/-/ansi-dim-0.1.1.tgz",
      "integrity": "sha1-QN5MYDqoCG2Oeoa4/5mNXDbu/Ww=",
      "requires": {
        "ansi-wrap": "0.1.0"
      }
    },
    "ansi-gray": {
      "version": "0.1.1",
      "resolved": "https://registry.npmjs.org/ansi-gray/-/ansi-gray-0.1.1.tgz",
      "integrity": "sha1-KWLPVOyXksSFEKPetSRDaGHvclE=",
      "requires": {
        "ansi-wrap": "0.1.0"
      }
    },
    "ansi-green": {
      "version": "0.1.1",
      "resolved": "https://registry.npmjs.org/ansi-green/-/ansi-green-0.1.1.tgz",
      "integrity": "sha1-il2al55FjVfEDjNYCzc5C44Q0Pc=",
      "requires": {
        "ansi-wrap": "0.1.0"
      }
    },
    "ansi-grey": {
      "version": "0.1.1",
      "resolved": "https://registry.npmjs.org/ansi-grey/-/ansi-grey-0.1.1.tgz",
      "integrity": "sha1-WdmLasK6GfilF5jphT+6eDOaM8E=",
      "requires": {
        "ansi-wrap": "0.1.0"
      }
    },
    "ansi-hidden": {
      "version": "0.1.1",
      "resolved": "https://registry.npmjs.org/ansi-hidden/-/ansi-hidden-0.1.1.tgz",
      "integrity": "sha1-7WpMSY0rt8uyidvyqNHcyFZ/rg8=",
      "requires": {
        "ansi-wrap": "0.1.0"
      }
    },
    "ansi-inverse": {
      "version": "0.1.1",
      "resolved": "https://registry.npmjs.org/ansi-inverse/-/ansi-inverse-0.1.1.tgz",
      "integrity": "sha1-tq9Fgm/oJr+1KKbHmIV5Q1XM0mk=",
      "requires": {
        "ansi-wrap": "0.1.0"
      }
    },
    "ansi-italic": {
      "version": "0.1.1",
      "resolved": "https://registry.npmjs.org/ansi-italic/-/ansi-italic-0.1.1.tgz",
      "integrity": "sha1-EEdDRj9iXBQqA2c5z4XtpoiYbyM=",
      "requires": {
        "ansi-wrap": "0.1.0"
      }
    },
    "ansi-magenta": {
      "version": "0.1.1",
      "resolved": "https://registry.npmjs.org/ansi-magenta/-/ansi-magenta-0.1.1.tgz",
      "integrity": "sha1-BjtboW+z8j4c/aKwfAqJ3hHkMK4=",
      "requires": {
        "ansi-wrap": "0.1.0"
      }
    },
    "ansi-red": {
      "version": "0.1.1",
      "resolved": "https://registry.npmjs.org/ansi-red/-/ansi-red-0.1.1.tgz",
      "integrity": "sha1-jGOPnRCAgAo1PJwoyKgcpHBdlGw=",
      "requires": {
        "ansi-wrap": "0.1.0"
      }
    },
    "ansi-reset": {
      "version": "0.1.1",
      "resolved": "https://registry.npmjs.org/ansi-reset/-/ansi-reset-0.1.1.tgz",
      "integrity": "sha1-5+cSksPH3c1NYu9KbHwFmAkRw7c=",
      "requires": {
        "ansi-wrap": "0.1.0"
      }
    },
    "ansi-strikethrough": {
      "version": "0.1.1",
      "resolved": "https://registry.npmjs.org/ansi-strikethrough/-/ansi-strikethrough-0.1.1.tgz",
      "integrity": "sha1-2Eh3FAss/wfRyT685pkE9oiF5Wg=",
      "requires": {
        "ansi-wrap": "0.1.0"
      }
    },
    "ansi-underline": {
      "version": "0.1.1",
      "resolved": "https://registry.npmjs.org/ansi-underline/-/ansi-underline-0.1.1.tgz",
      "integrity": "sha1-38kg9Ml7WXfqFi34/7mIMIqqcaQ=",
      "requires": {
        "ansi-wrap": "0.1.0"
      }
    },
    "ansi-white": {
      "version": "0.1.1",
      "resolved": "https://registry.npmjs.org/ansi-white/-/ansi-white-0.1.1.tgz",
      "integrity": "sha1-nHe3wZPF7pkuYBHTbsTJIbRXiUQ=",
      "requires": {
        "ansi-wrap": "0.1.0"
      }
    },
    "ansi-wrap": {
      "version": "0.1.0",
      "resolved": "https://registry.npmjs.org/ansi-wrap/-/ansi-wrap-0.1.0.tgz",
      "integrity": "sha1-qCJQ3bABXponyoLoLqYDu/pF768="
    },
    "ansi-yellow": {
      "version": "0.1.1",
      "resolved": "https://registry.npmjs.org/ansi-yellow/-/ansi-yellow-0.1.1.tgz",
      "integrity": "sha1-y5NW8vRscy8OMZnmEClVp32oPB0=",
      "requires": {
        "ansi-wrap": "0.1.0"
      }
    },
    "balanced-match": {
      "version": "1.0.2",
      "resolved": "https://registry.npmjs.org/balanced-match/-/balanced-match-1.0.2.tgz",
      "integrity": "sha512-3oSeUO0TMV67hN1AmbXsK4yaqU7tjiHlbxRDZOpH0KW9+CeX4bRAaX0Anxt0tx2MrpRpWwQaPwIlISEJhYU5Pw==",
      "dev": true
    },
    "brace-expansion": {
      "version": "1.1.11",
      "resolved": "https://registry.npmjs.org/brace-expansion/-/brace-expansion-1.1.11.tgz",
      "integrity": "sha512-iCuPHDFgrHX7H2vEI/5xpz07zSHB00TpugqhmYtVmMO6518mCuRMoOYFldEBl0g187ufozdaHgWKcYFb61qGiA==",
      "dev": true,
      "requires": {
        "balanced-match": "^1.0.0",
        "concat-map": "0.0.1"
      }
    },
    "call-bind": {
      "version": "1.0.2",
      "resolved": "https://registry.npmjs.org/call-bind/-/call-bind-1.0.2.tgz",
      "integrity": "sha512-7O+FbCihrB5WGbFYesctwmTKae6rOiIzmz1icreWJ+0aA7LJfuqhEso2T9ncpcFtzMQtzXf2QGGueWJGTYsqrA==",
      "dev": true,
      "requires": {
        "function-bind": "^1.1.1",
        "get-intrinsic": "^1.0.2"
      }
    },
    "concat-map": {
      "version": "0.0.1",
      "resolved": "https://registry.npmjs.org/concat-map/-/concat-map-0.0.1.tgz",
      "integrity": "sha1-2Klr13/Wjfd5OnMDajug1UBdR3s=",
      "dev": true
    },
    "cowsay": {
      "version": "1.0.3",
      "resolved": "https://registry.npmjs.org/cowsay/-/cowsay-1.0.3.tgz",
      "integrity": "sha1-rjBmaqbYLoOftmKIRbV+zTaXqNc=",
      "requires": {
        "optimist": "~0.3.5"
      }
    },
    "daspec": {
      "version": "1.1.0",
      "resolved": "https://registry.npmjs.org/daspec/-/daspec-1.1.0.tgz",
      "integrity": "sha1-3YFMzlhBvqUbw9SoJ72aFSO/ul4=",
      "dev": true,
      "requires": {
        "daspec-core": "^1.1.0",
        "glob": "^5.0.14",
        "mkdirp": "^0.5.1"
      }
    },
    "daspec-core": {
      "version": "1.1.2",
      "resolved": "https://registry.npmjs.org/daspec-core/-/daspec-core-1.1.2.tgz",
      "integrity": "sha1-qOfQWUchBxik5xmZ7t7ffm9pyPQ=",
      "dev": true,
      "requires": {
        "deep-equal": "^1.0.0"
      }
    },
    "daspec-junit-xml-formatter": {
      "version": "1.0.0",
      "resolved": "https://registry.npmjs.org/daspec-junit-xml-formatter/-/daspec-junit-xml-formatter-1.0.0.tgz",
      "integrity": "sha1-hTYOC72siYZCJNxPACsC00h67mM=",
      "dev": true,
      "requires": {
        "mkdirp": "^0.5.1"
      }
    },
    "daspec-quantity-matchers": {
      "version": "1.0.0",
      "resolved": "https://registry.npmjs.org/daspec-quantity-matchers/-/daspec-quantity-matchers-1.0.0.tgz",
      "integrity": "sha1-VWsYGYRlCY/0gepDg+zIKyHS+ms=",
      "dev": true,
      "requires": {
        "daspec-core": "^1.0.1",
        "js-quantities": "^1.5.0"
      }
    },
    "deep-equal": {
      "version": "1.1.1",
      "resolved": "https://registry.npmjs.org/deep-equal/-/deep-equal-1.1.1.tgz",
      "integrity": "sha512-yd9c5AdiqVcR+JjcwUQb9DkhJc8ngNr0MahEBGvDiJw8puWab2yZlh+nkasOnZP+EGTAP6rRp2JzJhJZzvNF8g==",
      "dev": true,
      "requires": {
        "is-arguments": "^1.0.4",
        "is-date-object": "^1.0.1",
        "is-regex": "^1.0.4",
        "object-is": "^1.0.1",
        "object-keys": "^1.1.1",
        "regexp.prototype.flags": "^1.2.0"
      }
    },
    "define-properties": {
      "version": "1.1.3",
      "resolved": "https://registry.npmjs.org/define-properties/-/define-properties-1.1.3.tgz",
      "integrity": "sha512-3MqfYKj2lLzdMSf8ZIZE/V+Zuy+BgD6f164e8K2w7dgnpKArBDerGYpM46IYYcjnkdPNMjPk9A6VFB8+3SKlXQ==",
      "dev": true,
      "requires": {
        "object-keys": "^1.0.12"
      }
    },
    "function-bind": {
      "version": "1.1.1",
      "resolved": "https://registry.npmjs.org/function-bind/-/function-bind-1.1.1.tgz",
      "integrity": "sha512-yIovAzMX49sF8Yl58fSCWJ5svSLuaibPxXQJFLmBObTuCr0Mf1KiPopGM9NiFjiYBCbfaa2Fh6breQ6ANVTI0A==",
      "dev": true
    },
    "get-intrinsic": {
      "version": "1.1.1",
      "resolved": "https://registry.npmjs.org/get-intrinsic/-/get-intrinsic-1.1.1.tgz",
      "integrity": "sha512-kWZrnVM42QCiEA2Ig1bG8zjoIMOgxWwYCEeNdwY6Tv/cOSeGpcoX4pXHfKUxNKVoArnrEr2e9srnAxxGIraS9Q==",
      "dev": true,
      "requires": {
        "function-bind": "^1.1.1",
        "has": "^1.0.3",
        "has-symbols": "^1.0.1"
      }
    },
    "glob": {
      "version": "5.0.15",
      "resolved": "https://registry.npmjs.org/glob/-/glob-5.0.15.tgz",
      "integrity": "sha1-G8k2ueAvSmA/zCIuz3Yz0wuLk7E=",
      "dev": true,
      "requires": {
        "inflight": "^1.0.4",
        "inherits": "2",
        "minimatch": "2 || 3",
        "once": "^1.3.0",
        "path-is-absolute": "^1.0.0"
      }
    },
    "has": {
      "version": "1.0.3",
      "resolved": "https://registry.npmjs.org/has/-/has-1.0.3.tgz",
      "integrity": "sha512-f2dvO0VU6Oej7RkWJGrehjbzMAjFp5/VKPp5tTpWIV4JHHZK1/BxbFRtf/siA2SWTe09caDmVtYYzWEIbBS4zw==",
      "dev": true,
      "requires": {
        "function-bind": "^1.1.1"
      }
    },
    "has-symbols": {
      "version": "1.0.2",
      "resolved": "https://registry.npmjs.org/has-symbols/-/has-symbols-1.0.2.tgz",
      "integrity": "sha512-chXa79rL/UC2KlX17jo3vRGz0azaWEx5tGqZg5pO3NUyEJVB17dMruQlzCCOfUvElghKcm5194+BCRvi2Rv/Gw==",
      "dev": true
    },
    "inflight": {
      "version": "1.0.6",
      "resolved": "https://registry.npmjs.org/inflight/-/inflight-1.0.6.tgz",
      "integrity": "sha1-Sb1jMdfQLQwJvJEKEHW6gWW1bfk=",
      "dev": true,
      "requires": {
        "once": "^1.3.0",
        "wrappy": "1"
      }
    },
    "inherits": {
      "version": "2.0.4",
      "resolved": "https://registry.npmjs.org/inherits/-/inherits-2.0.4.tgz",
      "integrity": "sha512-k/vGaX4/Yla3WzyMCvTQOXYeIHvqOKtnqBduzTHpzpQZzAskKMhZ2K+EnBiSM9zGSoIFeMpXKxa4dYeZIQqewQ==",
      "dev": true
    },
    "is-arguments": {
      "version": "1.1.0",
      "resolved": "https://registry.npmjs.org/is-arguments/-/is-arguments-1.1.0.tgz",
      "integrity": "sha512-1Ij4lOMPl/xB5kBDn7I+b2ttPMKa8szhEIrXDuXQD/oe3HJLTLhqhgGspwgyGd6MOywBUqVvYicF72lkgDnIHg==",
      "dev": true,
      "requires": {
        "call-bind": "^1.0.0"
      }
    },
    "is-date-object": {
      "version": "1.0.4",
      "resolved": "https://registry.npmjs.org/is-date-object/-/is-date-object-1.0.4.tgz",
      "integrity": "sha512-/b4ZVsG7Z5XVtIxs/h9W8nvfLgSAyKYdtGWQLbqy6jA1icmgjf8WCoTKgeS4wy5tYaPePouzFMANbnj94c2Z+A==",
      "dev": true
    },
    "is-regex": {
      "version": "1.1.3",
      "resolved": "https://registry.npmjs.org/is-regex/-/is-regex-1.1.3.tgz",
      "integrity": "sha512-qSVXFz28HM7y+IWX6vLCsexdlvzT1PJNFSBuaQLQ5o0IEw8UDYW6/2+eCMVyIsbM8CNLX2a/QWmSpyxYEHY7CQ==",
      "dev": true,
      "requires": {
        "call-bind": "^1.0.2",
        "has-symbols": "^1.0.2"
      }
    },
    "js-quantities": {
      "version": "1.7.6",
      "resolved": "https://registry.npmjs.org/js-quantities/-/js-quantities-1.7.6.tgz",
      "integrity": "sha512-h6TH1xK1u/zdjD26M6kKVthZONJSDTIRzrohbqOILfJAyanWHGlJLWuAWkSMtqi8k/IxshStsc97Pkf8SL9yvA==",
      "dev": true
    },
    "lazy-cache": {
      "version": "0.2.7",
      "resolved": "https://registry.npmjs.org/lazy-cache/-/lazy-cache-0.2.7.tgz",
      "integrity": "sha1-f+3fLctu23fRHvHRF6tf/fCrG2U="
    },
    "minimatch": {
      "version": "3.0.4",
      "resolved": "https://registry.npmjs.org/minimatch/-/minimatch-3.0.4.tgz",
      "integrity": "sha512-yJHVQEhyqPLUTgt9B83PXu6W3rx4MvvHvSUvToogpwoGDOUQ+yDrR0HRot+yOCdCO7u4hX3pWft6kWBBcqh0UA==",
      "dev": true,
      "requires": {
        "brace-expansion": "^1.1.7"
      }
    },
    "minimist": {
      "version": "1.2.5",
      "resolved": "https://registry.npmjs.org/minimist/-/minimist-1.2.5.tgz",
      "integrity": "sha512-FM9nNUYrRBAELZQT3xeZQ7fmMOBg6nWNmJKTcgsJeaLstP/UODVpGsr5OhXhhXg6f+qtJ8uiZ+PUxkDWcgIXLw==",
      "dev": true
    },
    "mkdirp": {
      "version": "0.5.5",
      "resolved": "https://registry.npmjs.org/mkdirp/-/mkdirp-0.5.5.tgz",
      "integrity": "sha512-NKmAlESf6jMGym1++R0Ra7wvhV+wFW63FaSOFPwRahvea0gMUcGUhVeAg/0BC0wiv9ih5NYPB1Wn1UEI1/L+xQ==",
      "dev": true,
      "requires": {
        "minimist": "^1.2.5"
      }
    },
    "object-is": {
      "version": "1.1.5",
      "resolved": "https://registry.npmjs.org/object-is/-/object-is-1.1.5.tgz",
      "integrity": "sha512-3cyDsyHgtmi7I7DfSSI2LDp6SK2lwvtbg0p0R1e0RvTqF5ceGx+K2dfSjm1bKDMVCFEDAQvy+o8c6a7VujOddw==",
      "dev": true,
      "requires": {
        "call-bind": "^1.0.2",
        "define-properties": "^1.1.3"
      }
    },
    "object-keys": {
      "version": "1.1.1",
      "resolved": "https://registry.npmjs.org/object-keys/-/object-keys-1.1.1.tgz",
      "integrity": "sha512-NuAESUOUMrlIXOfHKzD6bpPu3tYt3xvjNdRIQ+FeT0lNb4K8WR70CaDxhuNguS2XG+GjkyMwOzsN5ZktImfhLA==",
      "dev": true
    },
    "once": {
      "version": "1.4.0",
      "resolved": "https://registry.npmjs.org/once/-/once-1.4.0.tgz",
      "integrity": "sha1-WDsap3WWHUsROsF9nFC6753Xa9E=",
      "dev": true,
      "requires": {
        "wrappy": "1"
      }
    },
    "optimist": {
      "version": "0.3.7",
      "resolved": "https://registry.npmjs.org/optimist/-/optimist-0.3.7.tgz",
      "integrity": "sha1-yQlBrVnkJzMokjB00s8ufLxuwNk=",
      "requires": {
        "wordwrap": "~0.0.2"
      }
    },
    "path-is-absolute": {
      "version": "1.0.1",
      "resolved": "https://registry.npmjs.org/path-is-absolute/-/path-is-absolute-1.0.1.tgz",
      "integrity": "sha1-F0uSaHNVNP+8es5r9TpanhtcX18=",
      "dev": true
    },
    "regexp.prototype.flags": {
      "version": "1.3.1",
      "resolved": "https://registry.npmjs.org/regexp.prototype.flags/-/regexp.prototype.flags-1.3.1.tgz",
      "integrity": "sha512-JiBdRBq91WlY7uRJ0ds7R+dU02i6LKi8r3BuQhNXn+kmeLN+EfHhfjqMRis1zJxnlu88hq/4dx0P2OP3APRTOA==",
      "dev": true,
      "requires": {
        "call-bind": "^1.0.2",
        "define-properties": "^1.1.3"
      }
    },
    "reveal.js": {
      "version": "3.9.0",
      "resolved": "https://registry.npmjs.org/reveal.js/-/reveal.js-3.9.0.tgz",
      "integrity": "sha512-ftffYSFU4IUmDPTFQE/DCqYc/M8mDvZVUkh0ypmf6XDUre1+zcpx2uSwK04K3OjWdPIVGG+Ovo8NEfdGsdraRw=="
    },
    "wordwrap": {
      "version": "0.0.3",
      "resolved": "https://registry.npmjs.org/wordwrap/-/wordwrap-0.0.3.tgz",
      "integrity": "sha1-o9XabNXAvAAI03I0u68b7WMFkQc="
    },
    "wrappy": {
      "version": "1.0.2",
      "resolved": "https://registry.npmjs.org/wrappy/-/wrappy-1.0.2.tgz",
      "integrity": "sha1-tSQ9jz7BqjXxNkYFvA0QNuMKtp8=",
      "dev": true
    }
  }
}
